
Microsoft Visual Studio Solution File, Format Version 12.00
# Visual Studio Version 17
VisualStudioVersion = 17.3.32922.545
MinimumVisualStudioVersion = 10.0.40219.1
Project("{FAE04EC0-301F-11D3-BF4B-00C04F79EFBC}") = "TheGameOfLifeApp", "TheGameOfLifeApp\TheGameOfLifeApp.csproj", "{368C36BC-2746-4460-8526-2805FC865E94}"
EndProject
Global
	GlobalSection(SolutionConfigurationPlatforms) = preSolution
		Debug|Any CPU = Debug|Any CPU
		Release|Any CPU = Release|Any CPU
	EndGlobalSection
	GlobalSection(ProjectConfigurationPlatforms) = postSolution
		{368C36BC-2746-4460-8526-2805FC865E94}.Debug|Any CPU.ActiveCfg = Debug|Any CPU
		{368C36BC-2746-4460-8526-2805FC865E94}.Debug|Any CPU.Build.0 = Debug|Any CPU
		{368C36BC-2746-4460-8526-2805FC865E94}.Release|Any CPU.ActiveCfg = Release|Any CPU
		{368C36BC-2746-4460-8526-2805FC865E94}.Release|Any CPU.Build.0 = Release|Any CPU
	EndGlobalSection
	GlobalSection(SolutionProperties) = preSolution
		HideSolutionNode = FALSE
	EndGlobalSection
	GlobalSection(ExtensibilityGlobals) = postSolution
		SolutionGuid = {917445B4-2A89-40E3-8BA2-F7CF5C2D29C0}
	EndGlobalSection
EndGlobal
